
Microsoft Visual Studio Solution File, Format Version 12.00
Project("{FAE04EC0-301F-11D3-BF4B-00C04F79EFBC}") = "GoodsSpiderConsole", "GoodsSpiderConsole\GoodsSpiderConsole.csproj", "{70993654-264E-4DE4-8AA5-9FF295ED1E1D}"
EndProject
Project("{FAE04EC0-301F-11D3-BF4B-00C04F79EFBC}") = "Core", "Core\Core.csproj", "{133B5640-0C0B-42C5-BB6A-FE986C2777DB}"
EndProject
Project("{FAE04EC0-301F-11D3-BF4B-00C04F79EFBC}") = "AtbIntegrator", "..\AtbIntegrator\AtbIntegrator\AtbIntegrator.csproj", "{7209BFD2-EC04-4A08-8B4A-CC83118F275A}"
EndProject
Project("{FAE04EC0-301F-11D3-BF4B-00C04F79EFBC}") = "VarusIntegrator", "..\VarusIntegrator\VarusIntegrator\VarusIntegrator.csproj", "{0A5ED65E-515A-43FC-98B2-DA065777218E}"
EndProject
Project("{FAE04EC0-301F-11D3-BF4B-00C04F79EFBC}") = "ProductFinder", "ProductFinder\ProductFinder.csproj", "{7A1C2FB8-D76E-4795-ACBF-387FE8EBB219}"
EndProject
Global
	GlobalSection(SolutionConfigurationPlatforms) = preSolution
		Debug|Any CPU = Debug|Any CPU
		Release|Any CPU = Release|Any CPU
	EndGlobalSection
	GlobalSection(ProjectConfigurationPlatforms) = postSolution
		{231B0788-BBCB-4876-9C5F-A34F4E061EC1}.Debug|Any CPU.ActiveCfg = Debug|Any CPU
		{231B0788-BBCB-4876-9C5F-A34F4E061EC1}.Debug|Any CPU.Build.0 = Debug|Any CPU
		{231B0788-BBCB-4876-9C5F-A34F4E061EC1}.Release|Any CPU.ActiveCfg = Release|Any CPU
		{231B0788-BBCB-4876-9C5F-A34F4E061EC1}.Release|Any CPU.Build.0 = Release|Any CPU
		{70993654-264E-4DE4-8AA5-9FF295ED1E1D}.Debug|Any CPU.ActiveCfg = Debug|Any CPU
		{70993654-264E-4DE4-8AA5-9FF295ED1E1D}.Debug|Any CPU.Build.0 = Debug|Any CPU
		{70993654-264E-4DE4-8AA5-9FF295ED1E1D}.Release|Any CPU.ActiveCfg = Release|Any CPU
		{70993654-264E-4DE4-8AA5-9FF295ED1E1D}.Release|Any CPU.Build.0 = Release|Any CPU
		{133B5640-0C0B-42C5-BB6A-FE986C2777DB}.Debug|Any CPU.ActiveCfg = Debug|Any CPU
		{133B5640-0C0B-42C5-BB6A-FE986C2777DB}.Debug|Any CPU.Build.0 = Debug|Any CPU
		{133B5640-0C0B-42C5-BB6A-FE986C2777DB}.Release|Any CPU.ActiveCfg = Release|Any CPU
		{133B5640-0C0B-42C5-BB6A-FE986C2777DB}.Release|Any CPU.Build.0 = Release|Any CPU
		{7209BFD2-EC04-4A08-8B4A-CC83118F275A}.Debug|Any CPU.ActiveCfg = Debug|Any CPU
		{7209BFD2-EC04-4A08-8B4A-CC83118F275A}.Debug|Any CPU.Build.0 = Debug|Any CPU
		{7209BFD2-EC04-4A08-8B4A-CC83118F275A}.Release|Any CPU.ActiveCfg = Release|Any CPU
		{7209BFD2-EC04-4A08-8B4A-CC83118F275A}.Release|Any CPU.Build.0 = Release|Any CPU
		{0A5ED65E-515A-43FC-98B2-DA065777218E}.Debug|Any CPU.ActiveCfg = Debug|Any CPU
		{0A5ED65E-515A-43FC-98B2-DA065777218E}.Debug|Any CPU.Build.0 = Debug|Any CPU
		{0A5ED65E-515A-43FC-98B2-DA065777218E}.Release|Any CPU.ActiveCfg = Release|Any CPU
		{0A5ED65E-515A-43FC-98B2-DA065777218E}.Release|Any CPU.Build.0 = Release|Any CPU
		{7A1C2FB8-D76E-4795-ACBF-387FE8EBB219}.Debug|Any CPU.ActiveCfg = Debug|Any CPU
		{7A1C2FB8-D76E-4795-ACBF-387FE8EBB219}.Debug|Any CPU.Build.0 = Debug|Any CPU
		{7A1C2FB8-D76E-4795-ACBF-387FE8EBB219}.Release|Any CPU.ActiveCfg = Release|Any CPU
		{7A1C2FB8-D76E-4795-ACBF-387FE8EBB219}.Release|Any CPU.Build.0 = Release|Any CPU
	EndGlobalSection
EndGlobal
