
Microsoft Visual Studio Solution File, Format Version 12.00
Project("{FAE04EC0-301F-11D3-BF4B-00C04F79EFBC}") = "Core", "Core\Core.csproj", "{133B5640-0C0B-42C5-BB6A-FE986C2777DB}"
EndProject
Project("{FAE04EC0-301F-11D3-BF4B-00C04F79EFBC}") = "ProductSearcher", "ProductSearcher\ProductSearcher.csproj", "{7A1C2FB8-D76E-4795-ACBF-387FE8EBB219}"
EndProject
Project("{FAE04EC0-301F-11D3-BF4B-00C04F79EFBC}") = "Core.UnitTests", "..\Core.UnitTests\Core.UnitTests.csproj", "{34AFC9DD-7C17-4271-8063-A9FBD25C636F}"
EndProject
Global
	GlobalSection(SolutionConfigurationPlatforms) = preSolution
		Debug|Any CPU = Debug|Any CPU
		Release|Any CPU = Release|Any CPU
	EndGlobalSection
	GlobalSection(ProjectConfigurationPlatforms) = postSolution
		{133B5640-0C0B-42C5-BB6A-FE986C2777DB}.Debug|Any CPU.ActiveCfg = Debug|Any CPU
		{133B5640-0C0B-42C5-BB6A-FE986C2777DB}.Debug|Any CPU.Build.0 = Debug|Any CPU
		{133B5640-0C0B-42C5-BB6A-FE986C2777DB}.Release|Any CPU.ActiveCfg = Release|Any CPU
		{133B5640-0C0B-42C5-BB6A-FE986C2777DB}.Release|Any CPU.Build.0 = Release|Any CPU
		{7A1C2FB8-D76E-4795-ACBF-387FE8EBB219}.Debug|Any CPU.ActiveCfg = Debug|Any CPU
		{7A1C2FB8-D76E-4795-ACBF-387FE8EBB219}.Debug|Any CPU.Build.0 = Debug|Any CPU
		{7A1C2FB8-D76E-4795-ACBF-387FE8EBB219}.Release|Any CPU.ActiveCfg = Release|Any CPU
		{7A1C2FB8-D76E-4795-ACBF-387FE8EBB219}.Release|Any CPU.Build.0 = Release|Any CPU
		{34AFC9DD-7C17-4271-8063-A9FBD25C636F}.Debug|Any CPU.ActiveCfg = Debug|Any CPU
		{34AFC9DD-7C17-4271-8063-A9FBD25C636F}.Debug|Any CPU.Build.0 = Debug|Any CPU
		{34AFC9DD-7C17-4271-8063-A9FBD25C636F}.Release|Any CPU.ActiveCfg = Release|Any CPU
	EndGlobalSection
EndGlobal
