
Microsoft Visual Studio Solution File, Format Version 12.00
Project("{FAE04EC0-301F-11D3-BF4B-00C04F79EFBC}") = "NovusIntegration", "NovusIntegration\NovusIntegration.csproj", "{E22BAC8C-A204-45EA-9FC9-B1C128EE73CF}"
EndProject
Project("{FAE04EC0-301F-11D3-BF4B-00C04F79EFBC}") = "NovusIntegration.UnitTests", "NovusIntegration.UnitTests\NovusIntegration.UnitTests.csproj", "{543F07F7-33F0-4D11-9206-44336A5746D1}"
EndProject
Global
	GlobalSection(SolutionConfigurationPlatforms) = preSolution
		Debug|Any CPU = Debug|Any CPU
		Release|Any CPU = Release|Any CPU
	EndGlobalSection
	GlobalSection(ProjectConfigurationPlatforms) = postSolution
		{E22BAC8C-A204-45EA-9FC9-B1C128EE73CF}.Debug|Any CPU.ActiveCfg = Debug|Any CPU
		{E22BAC8C-A204-45EA-9FC9-B1C128EE73CF}.Debug|Any CPU.Build.0 = Debug|Any CPU
		{E22BAC8C-A204-45EA-9FC9-B1C128EE73CF}.Release|Any CPU.ActiveCfg = Release|Any CPU
		{E22BAC8C-A204-45EA-9FC9-B1C128EE73CF}.Release|Any CPU.Build.0 = Release|Any CPU
		{543F07F7-33F0-4D11-9206-44336A5746D1}.Debug|Any CPU.ActiveCfg = Debug|Any CPU
		{543F07F7-33F0-4D11-9206-44336A5746D1}.Debug|Any CPU.Build.0 = Debug|Any CPU
		{543F07F7-33F0-4D11-9206-44336A5746D1}.Release|Any CPU.ActiveCfg = Release|Any CPU
	EndGlobalSection
EndGlobal
